
Microsoft Visual Studio Solution File, Format Version 12.00
# Visual Studio Version 17
VisualStudioVersion = 17.6.33723.286
MinimumVisualStudioVersion = 10.0.40219.1
Project("{9A19103F-16F7-4668-BE54-9A1E7A4F7556}") = "BulkyWeb", "BulkyWeb\BulkyWeb.csproj", "{D2C6C204-F8DF-4217-9974-F18B40A16F7F}"
EndProject
Project("{9A19103F-16F7-4668-BE54-9A1E7A4F7556}") = "BulkyWebRazor_Temp", "BulkyWebRazor_Temp\BulkyWebRazor_Temp.csproj", "{C6643735-D25A-4B42-9B4A-7EE45395F310}"
EndProject
Project("{9A19103F-16F7-4668-BE54-9A1E7A4F7556}") = "Bulky.DataAccess", "Bulky.DataAccess\Bulky.DataAccess.csproj", "{00A05B9A-B024-4673-BBD7-021D7C0FA4D9}"
EndProject
Project("{9A19103F-16F7-4668-BE54-9A1E7A4F7556}") = "Bulky.Models", "Bulky.Models\Bulky.Models.csproj", "{066EEAE4-7E1B-4B43-855C-A19BBFDE107C}"
EndProject
Project("{9A19103F-16F7-4668-BE54-9A1E7A4F7556}") = "Bulky.Utility", "Bulky.Utility\Bulky.Utility.csproj", "{CDF45D6B-6B00-412F-83F7-5F41BDCDAB30}"
EndProject
Project("{9A19103F-16F7-4668-BE54-9A1E7A4F7556}") = "DI_Service_Lifetime", "DI_Service_Lifetime\DI_Service_Lifetime.csproj", "{0B8EBFA1-CCDE-4710-A03F-076544ED6245}"
EndProject
Global
	GlobalSection(SolutionConfigurationPlatforms) = preSolution
		Debug|Any CPU = Debug|Any CPU
		Release|Any CPU = Release|Any CPU
	EndGlobalSection
	GlobalSection(ProjectConfigurationPlatforms) = postSolution
		{D2C6C204-F8DF-4217-9974-F18B40A16F7F}.Debug|Any CPU.ActiveCfg = Debug|Any CPU
		{D2C6C204-F8DF-4217-9974-F18B40A16F7F}.Debug|Any CPU.Build.0 = Debug|Any CPU
		{D2C6C204-F8DF-4217-9974-F18B40A16F7F}.Release|Any CPU.ActiveCfg = Release|Any CPU
		{D2C6C204-F8DF-4217-9974-F18B40A16F7F}.Release|Any CPU.Build.0 = Release|Any CPU
		{C6643735-D25A-4B42-9B4A-7EE45395F310}.Debug|Any CPU.ActiveCfg = Debug|Any CPU
		{C6643735-D25A-4B42-9B4A-7EE45395F310}.Debug|Any CPU.Build.0 = Debug|Any CPU
		{C6643735-D25A-4B42-9B4A-7EE45395F310}.Release|Any CPU.ActiveCfg = Release|Any CPU
		{C6643735-D25A-4B42-9B4A-7EE45395F310}.Release|Any CPU.Build.0 = Release|Any CPU
		{00A05B9A-B024-4673-BBD7-021D7C0FA4D9}.Debug|Any CPU.ActiveCfg = Debug|Any CPU
		{00A05B9A-B024-4673-BBD7-021D7C0FA4D9}.Debug|Any CPU.Build.0 = Debug|Any CPU
		{00A05B9A-B024-4673-BBD7-021D7C0FA4D9}.Release|Any CPU.ActiveCfg = Release|Any CPU
		{00A05B9A-B024-4673-BBD7-021D7C0FA4D9}.Release|Any CPU.Build.0 = Release|Any CPU
		{066EEAE4-7E1B-4B43-855C-A19BBFDE107C}.Debug|Any CPU.ActiveCfg = Debug|Any CPU
		{066EEAE4-7E1B-4B43-855C-A19BBFDE107C}.Debug|Any CPU.Build.0 = Debug|Any CPU
		{066EEAE4-7E1B-4B43-855C-A19BBFDE107C}.Release|Any CPU.ActiveCfg = Release|Any CPU
		{066EEAE4-7E1B-4B43-855C-A19BBFDE107C}.Release|Any CPU.Build.0 = Release|Any CPU
		{CDF45D6B-6B00-412F-83F7-5F41BDCDAB30}.Debug|Any CPU.ActiveCfg = Debug|Any CPU
		{CDF45D6B-6B00-412F-83F7-5F41BDCDAB30}.Debug|Any CPU.Build.0 = Debug|Any CPU
		{CDF45D6B-6B00-412F-83F7-5F41BDCDAB30}.Release|Any CPU.ActiveCfg = Release|Any CPU
		{CDF45D6B-6B00-412F-83F7-5F41BDCDAB30}.Release|Any CPU.Build.0 = Release|Any CPU
		{0B8EBFA1-CCDE-4710-A03F-076544ED6245}.Debug|Any CPU.ActiveCfg = Debug|Any CPU
		{0B8EBFA1-CCDE-4710-A03F-076544ED6245}.Debug|Any CPU.Build.0 = Debug|Any CPU
		{0B8EBFA1-CCDE-4710-A03F-076544ED6245}.Release|Any CPU.ActiveCfg = Release|Any CPU
		{0B8EBFA1-CCDE-4710-A03F-076544ED6245}.Release|Any CPU.Build.0 = Release|Any CPU
	EndGlobalSection
	GlobalSection(SolutionProperties) = preSolution
		HideSolutionNode = FALSE
	EndGlobalSection
	GlobalSection(ExtensibilityGlobals) = postSolution
		SolutionGuid = {BF435E04-9117-4051-96DE-975159996D1F}
	EndGlobalSection
EndGlobal
